// !$*UTF8*$!
{
	archiveVersion = 1;
	classes = {
	};
	objectVersion = 55;
	objects = {

/* Begin PBXBuildFile section */
		D21B6239E4A5885B929B5AAD /* Pods_API_Blog.framework in Frameworks */ = {isa = PBXBuildFile; fileRef = 7BAD303EB7FD1FFBD4605C1F /* Pods_API_Blog.framework */; };
		D21CFDD12915009100D9734D /* OkAlert.swift in Sources */ = {isa = PBXBuildFile; fileRef = D21CFDD02915009100D9734D /* OkAlert.swift */; };
		D21CFDD32915871900D9734D /* ViewCustomize.swift in Sources */ = {isa = PBXBuildFile; fileRef = D21CFDD22915871900D9734D /* ViewCustomize.swift */; };
		D2C85D3E2912D460000AD3B0 /* Article.swift in Sources */ = {isa = PBXBuildFile; fileRef = D2C85D3D2912D460000AD3B0 /* Article.swift */; };
		D2C85D402912D5E7000AD3B0 /* Comment.swift in Sources */ = {isa = PBXBuildFile; fileRef = D2C85D3F2912D5E7000AD3B0 /* Comment.swift */; };
		D2C85D422912DDCF000AD3B0 /* Index.swift in Sources */ = {isa = PBXBuildFile; fileRef = D2C85D412912DDCF000AD3B0 /* Index.swift */; };
		D2C85D442912EAE0000AD3B0 /* LoadToken.swift in Sources */ = {isa = PBXBuildFile; fileRef = D2C85D432912EAE0000AD3B0 /* LoadToken.swift */; };
		D2C85D482912F1E7000AD3B0 /* GetToken.swift in Sources */ = {isa = PBXBuildFile; fileRef = D2C85D472912F1E7000AD3B0 /* GetToken.swift */; };
		D2C85D4A2913C1B5000AD3B0 /* CommentTableViewCell.swift in Sources */ = {isa = PBXBuildFile; fileRef = D2C85D492913C1B5000AD3B0 /* CommentTableViewCell.swift */; };
		D2E27B01290DC1D100010FCC /* AppDelegate.swift in Sources */ = {isa = PBXBuildFile; fileRef = D2E27B00290DC1D100010FCC /* AppDelegate.swift */; };
		D2E27B03290DC1D100010FCC /* SceneDelegate.swift in Sources */ = {isa = PBXBuildFile; fileRef = D2E27B02290DC1D100010FCC /* SceneDelegate.swift */; };
		D2E27B05290DC1D100010FCC /* LoginViewController.swift in Sources */ = {isa = PBXBuildFile; fileRef = D2E27B04290DC1D100010FCC /* LoginViewController.swift */; };
		D2E27B0A290DC1D400010FCC /* Assets.xcassets in Resources */ = {isa = PBXBuildFile; fileRef = D2E27B09290DC1D400010FCC /* Assets.xcassets */; };
		D2E27B0D290DC1D400010FCC /* LaunchScreen.storyboard in Resources */ = {isa = PBXBuildFile; fileRef = D2E27B0B290DC1D400010FCC /* LaunchScreen.storyboard */; };
		D2E27B2229102D5400010FCC /* IndexViewController.swift in Sources */ = {isa = PBXBuildFile; fileRef = D2E27B2129102D5400010FCC /* IndexViewController.swift */; };
		D2E27B2429102D7000010FCC /* DetailViewController.swift in Sources */ = {isa = PBXBuildFile; fileRef = D2E27B2329102D7000010FCC /* DetailViewController.swift */; };
		D2E27B2629102DB400010FCC /* CreateViewController.swift in Sources */ = {isa = PBXBuildFile; fileRef = D2E27B2529102DB400010FCC /* CreateViewController.swift */; };
		D2E27B2829102DD500010FCC /* EditViewController.swift in Sources */ = {isa = PBXBuildFile; fileRef = D2E27B2729102DD500010FCC /* EditViewController.swift */; };
		D2E27B2A29102E9700010FCC /* CreateCommentViewController.swift in Sources */ = {isa = PBXBuildFile; fileRef = D2E27B2929102E9700010FCC /* CreateCommentViewController.swift */; };
		D2E27B2C29102EB900010FCC /* EditCommentViewController.swift in Sources */ = {isa = PBXBuildFile; fileRef = D2E27B2B29102EB900010FCC /* EditCommentViewController.swift */; };
		D2E27B3029103AB600010FCC /* ArticleTableViewCell.swift in Sources */ = {isa = PBXBuildFile; fileRef = D2E27B2F29103AB600010FCC /* ArticleTableViewCell.swift */; };
		D2E27B332910442400010FCC /* Main.storyboard in Resources */ = {isa = PBXBuildFile; fileRef = D2E27B06290DC1D100010FCC /* Main.storyboard */; };
		D2E27B3529104DA700010FCC /* Constants.swift in Sources */ = {isa = PBXBuildFile; fileRef = D2E27B3429104DA700010FCC /* Constants.swift */; };
/* End PBXBuildFile section */

/* Begin PBXFileReference section */
		42743584500AD7967EAD0F4D /* Pods-API-Blog.debug.xcconfig */ = {isa = PBXFileReference; includeInIndex = 1; lastKnownFileType = text.xcconfig; name = "Pods-API-Blog.debug.xcconfig"; path = "Target Support Files/Pods-API-Blog/Pods-API-Blog.debug.xcconfig"; sourceTree = "<group>"; };
		7BAD303EB7FD1FFBD4605C1F /* Pods_API_Blog.framework */ = {isa = PBXFileReference; explicitFileType = wrapper.framework; includeInIndex = 0; path = Pods_API_Blog.framework; sourceTree = BUILT_PRODUCTS_DIR; };
		D21CFDD02915009100D9734D /* OkAlert.swift */ = {isa = PBXFileReference; lastKnownFileType = sourcecode.swift; path = OkAlert.swift; sourceTree = "<group>"; };
		D21CFDD22915871900D9734D /* ViewCustomize.swift */ = {isa = PBXFileReference; lastKnownFileType = sourcecode.swift; name = ViewCustomize.swift; path = ../../../../../../../../../Applications/ViewCustomize.swift; sourceTree = "<group>"; };
		D2C85D3D2912D460000AD3B0 /* Article.swift */ = {isa = PBXFileReference; lastKnownFileType = sourcecode.swift; path = Article.swift; sourceTree = "<group>"; };
		D2C85D3F2912D5E7000AD3B0 /* Comment.swift */ = {isa = PBXFileReference; lastKnownFileType = sourcecode.swift; path = Comment.swift; sourceTree = "<group>"; };
		D2C85D412912DDCF000AD3B0 /* Index.swift */ = {isa = PBXFileReference; lastKnownFileType = sourcecode.swift; path = Index.swift; sourceTree = "<group>"; };
		D2C85D432912EAE0000AD3B0 /* LoadToken.swift */ = {isa = PBXFileReference; lastKnownFileType = sourcecode.swift; path = LoadToken.swift; sourceTree = "<group>"; };
		D2C85D472912F1E7000AD3B0 /* GetToken.swift */ = {isa = PBXFileReference; fileEncoding = 4; lastKnownFileType = sourcecode.swift; path = GetToken.swift; sourceTree = "<group>"; };
		D2C85D492913C1B5000AD3B0 /* CommentTableViewCell.swift */ = {isa = PBXFileReference; lastKnownFileType = sourcecode.swift; path = CommentTableViewCell.swift; sourceTree = "<group>"; };
		D2E27AFD290DC1D100010FCC /* API-Blog.app */ = {isa = PBXFileReference; explicitFileType = wrapper.application; includeInIndex = 0; path = "API-Blog.app"; sourceTree = BUILT_PRODUCTS_DIR; };
		D2E27B00290DC1D100010FCC /* AppDelegate.swift */ = {isa = PBXFileReference; lastKnownFileType = sourcecode.swift; path = AppDelegate.swift; sourceTree = "<group>"; };
		D2E27B02290DC1D100010FCC /* SceneDelegate.swift */ = {isa = PBXFileReference; lastKnownFileType = sourcecode.swift; path = SceneDelegate.swift; sourceTree = "<group>"; };
		D2E27B04290DC1D100010FCC /* LoginViewController.swift */ = {isa = PBXFileReference; lastKnownFileType = sourcecode.swift; path = LoginViewController.swift; sourceTree = "<group>"; };
		D2E27B07290DC1D100010FCC /* Base */ = {isa = PBXFileReference; lastKnownFileType = file.storyboard; name = Base; path = Base.lproj/Main.storyboard; sourceTree = "<group>"; };
		D2E27B09290DC1D400010FCC /* Assets.xcassets */ = {isa = PBXFileReference; lastKnownFileType = folder.assetcatalog; path = Assets.xcassets; sourceTree = "<group>"; };
		D2E27B0C290DC1D400010FCC /* Base */ = {isa = PBXFileReference; lastKnownFileType = file.storyboard; name = Base; path = Base.lproj/LaunchScreen.storyboard; sourceTree = "<group>"; };
		D2E27B0E290DC1D400010FCC /* Info.plist */ = {isa = PBXFileReference; lastKnownFileType = text.plist.xml; path = Info.plist; sourceTree = "<group>"; };
		D2E27B17290DD94000010FCC /* README.md */ = {isa = PBXFileReference; lastKnownFileType = net.daringfireball.markdown; path = README.md; sourceTree = "<group>"; };
		D2E27B1F29102B0100010FCC /* StoryboardPreviewWrapper.swift */ = {isa = PBXFileReference; lastKnownFileType = sourcecode.swift; path = StoryboardPreviewWrapper.swift; sourceTree = "<group>"; };
		D2E27B2129102D5400010FCC /* IndexViewController.swift */ = {isa = PBXFileReference; lastKnownFileType = sourcecode.swift; path = IndexViewController.swift; sourceTree = "<group>"; };
		D2E27B2329102D7000010FCC /* DetailViewController.swift */ = {isa = PBXFileReference; lastKnownFileType = sourcecode.swift; path = DetailViewController.swift; sourceTree = "<group>"; };
		D2E27B2529102DB400010FCC /* CreateViewController.swift */ = {isa = PBXFileReference; lastKnownFileType = sourcecode.swift; path = CreateViewController.swift; sourceTree = "<group>"; };
		D2E27B2729102DD500010FCC /* EditViewController.swift */ = {isa = PBXFileReference; lastKnownFileType = sourcecode.swift; path = EditViewController.swift; sourceTree = "<group>"; };
		D2E27B2929102E9700010FCC /* CreateCommentViewController.swift */ = {isa = PBXFileReference; lastKnownFileType = sourcecode.swift; path = CreateCommentViewController.swift; sourceTree = "<group>"; };
		D2E27B2B29102EB900010FCC /* EditCommentViewController.swift */ = {isa = PBXFileReference; lastKnownFileType = sourcecode.swift; path = EditCommentViewController.swift; sourceTree = "<group>"; };
		D2E27B2F29103AB600010FCC /* ArticleTableViewCell.swift */ = {isa = PBXFileReference; lastKnownFileType = sourcecode.swift; path = ArticleTableViewCell.swift; sourceTree = "<group>"; };
		D2E27B3429104DA700010FCC /* Constants.swift */ = {isa = PBXFileReference; lastKnownFileType = sourcecode.swift; path = Constants.swift; sourceTree = "<group>"; };
		E99451DF6E645A022CE6B67B /* Pods-API-Blog.release.xcconfig */ = {isa = PBXFileReference; includeInIndex = 1; lastKnownFileType = text.xcconfig; name = "Pods-API-Blog.release.xcconfig"; path = "Target Support Files/Pods-API-Blog/Pods-API-Blog.release.xcconfig"; sourceTree = "<group>"; };
/* End PBXFileReference section */

/* Begin PBXFrameworksBuildPhase section */
		D2E27AFA290DC1D100010FCC /* Frameworks */ = {
			isa = PBXFrameworksBuildPhase;
			buildActionMask = 2147483647;
			files = (
				D21B6239E4A5885B929B5AAD /* Pods_API_Blog.framework in Frameworks */,
			);
			runOnlyForDeploymentPostprocessing = 0;
		};
/* End PBXFrameworksBuildPhase section */

/* Begin PBXGroup section */
		17D1B80624E55645606945F5 /* Frameworks */ = {
			isa = PBXGroup;
			children = (
				7BAD303EB7FD1FFBD4605C1F /* Pods_API_Blog.framework */,
			);
			name = Frameworks;
			sourceTree = "<group>";
		};
		3A4466DC9180EA3DED0DDF60 /* Pods */ = {
			isa = PBXGroup;
			children = (
				42743584500AD7967EAD0F4D /* Pods-API-Blog.debug.xcconfig */,
				E99451DF6E645A022CE6B67B /* Pods-API-Blog.release.xcconfig */,
			);
			path = Pods;
			sourceTree = "<group>";
		};
		D2E27AF4290DC1D100010FCC = {
			isa = PBXGroup;
			children = (
				D2E27B17290DD94000010FCC /* README.md */,
				D2E27AFF290DC1D100010FCC /* API-Blog */,
				D2E27AFE290DC1D100010FCC /* Products */,
				3A4466DC9180EA3DED0DDF60 /* Pods */,
				17D1B80624E55645606945F5 /* Frameworks */,
			);
			sourceTree = "<group>";
		};
		D2E27AFE290DC1D100010FCC /* Products */ = {
			isa = PBXGroup;
			children = (
				D2E27AFD290DC1D100010FCC /* API-Blog.app */,
			);
			name = Products;
			sourceTree = "<group>";
		};
		D2E27AFF290DC1D100010FCC /* API-Blog */ = {
			isa = PBXGroup;
			children = (
				D2E27B1E29102ADF00010FCC /* Wrappers */,
				D2E27B00290DC1D100010FCC /* AppDelegate.swift */,
				D2E27B02290DC1D100010FCC /* SceneDelegate.swift */,
				D2E27B0B290DC1D400010FCC /* LaunchScreen.storyboard */,
				D2E27B14290DC38400010FCC /* Models */,
				D2E27B15290DC39100010FCC /* VCs */,
				D2E27B16290DC3A200010FCC /* Storyboards */,
				D2E27B09290DC1D400010FCC /* Assets.xcassets */,
				D2E27B0E290DC1D400010FCC /* Info.plist */,
			);
			path = "API-Blog";
			sourceTree = "<group>";
		};
		D2E27B14290DC38400010FCC /* Models */ = {
			isa = PBXGroup;
			children = (
				D2E27B3429104DA700010FCC /* Constants.swift */,
				D21CFDD22915871900D9734D /* ViewCustomize.swift */,
				D2C85D412912DDCF000AD3B0 /* Index.swift */,
				D2C85D3D2912D460000AD3B0 /* Article.swift */,
				D2C85D3F2912D5E7000AD3B0 /* Comment.swift */,
				D2C85D472912F1E7000AD3B0 /* GetToken.swift */,
				D2C85D432912EAE0000AD3B0 /* LoadToken.swift */,
				D21CFDD02915009100D9734D /* OkAlert.swift */,
			);
			path = Models;
			sourceTree = "<group>";
		};
		D2E27B15290DC39100010FCC /* VCs */ = {
			isa = PBXGroup;
			children = (
				D2E27B04290DC1D100010FCC /* LoginViewController.swift */,
				D2E27B2129102D5400010FCC /* IndexViewController.swift */,
				D2E27B2329102D7000010FCC /* DetailViewController.swift */,
				D2E27B2529102DB400010FCC /* CreateViewController.swift */,
				D2E27B2729102DD500010FCC /* EditViewController.swift */,
				D2E27B2929102E9700010FCC /* CreateCommentViewController.swift */,
				D2E27B2B29102EB900010FCC /* EditCommentViewController.swift */,
			);
			path = VCs;
			sourceTree = "<group>";
		};
		D2E27B16290DC3A200010FCC /* Storyboards */ = {
			isa = PBXGroup;
			children = (
				D2E27B06290DC1D100010FCC /* Main.storyboard */,
				D2E27B2F29103AB600010FCC /* ArticleTableViewCell.swift */,
				D2C85D492913C1B5000AD3B0 /* CommentTableViewCell.swift */,
			);
			path = Storyboards;
			sourceTree = "<group>";
		};
		D2E27B1E29102ADF00010FCC /* Wrappers */ = {
			isa = PBXGroup;
			children = (
				D2E27B1F29102B0100010FCC /* StoryboardPreviewWrapper.swift */,
			);
			path = Wrappers;
			sourceTree = "<group>";
		};
/* End PBXGroup section */

/* Begin PBXNativeTarget section */
		D2E27AFC290DC1D100010FCC /* API-Blog */ = {
			isa = PBXNativeTarget;
			buildConfigurationList = D2E27B11290DC1D400010FCC /* Build configuration list for PBXNativeTarget "API-Blog" */;
			buildPhases = (
				95FC6AFC9D83A28F7DF6F2A8 /* [CP] Check Pods Manifest.lock */,
				D2E27AF9290DC1D100010FCC /* Sources */,
				D2E27AFA290DC1D100010FCC /* Frameworks */,
				D2E27AFB290DC1D100010FCC /* Resources */,
				0D33C99798346D9106DF638A /* [CP] Embed Pods Frameworks */,
			);
			buildRules = (
			);
			dependencies = (
			);
			name = "API-Blog";
			productName = "API-Blog";
			productReference = D2E27AFD290DC1D100010FCC /* API-Blog.app */;
			productType = "com.apple.product-type.application";
		};
/* End PBXNativeTarget section */

/* Begin PBXProject section */
		D2E27AF5290DC1D100010FCC /* Project object */ = {
			isa = PBXProject;
			attributes = {
				BuildIndependentTargetsInParallel = 1;
				LastSwiftUpdateCheck = 1400;
				LastUpgradeCheck = 1400;
				TargetAttributes = {
					D2E27AFC290DC1D100010FCC = {
						CreatedOnToolsVersion = 14.0.1;
					};
				};
			};
			buildConfigurationList = D2E27AF8290DC1D100010FCC /* Build configuration list for PBXProject "API-Blog" */;
			compatibilityVersion = "Xcode 13.0";
			developmentRegion = en;
			hasScannedForEncodings = 0;
			knownRegions = (
				en,
				Base,
			);
			mainGroup = D2E27AF4290DC1D100010FCC;
			productRefGroup = D2E27AFE290DC1D100010FCC /* Products */;
			projectDirPath = "";
			projectRoot = "";
			targets = (
				D2E27AFC290DC1D100010FCC /* API-Blog */,
			);
		};
/* End PBXProject section */

/* Begin PBXResourcesBuildPhase section */
		D2E27AFB290DC1D100010FCC /* Resources */ = {
			isa = PBXResourcesBuildPhase;
			buildActionMask = 2147483647;
			files = (
				D2E27B0D290DC1D400010FCC /* LaunchScreen.storyboard in Resources */,
				D2E27B0A290DC1D400010FCC /* Assets.xcassets in Resources */,
				D2E27B332910442400010FCC /* Main.storyboard in Resources */,
			);
			runOnlyForDeploymentPostprocessing = 0;
		};
/* End PBXResourcesBuildPhase section */

/* Begin PBXShellScriptBuildPhase section */
		0D33C99798346D9106DF638A /* [CP] Embed Pods Frameworks */ = {
			isa = PBXShellScriptBuildPhase;
			buildActionMask = 2147483647;
			files = (
			);
			inputFileListPaths = (
				"${PODS_ROOT}/Target Support Files/Pods-API-Blog/Pods-API-Blog-frameworks-${CONFIGURATION}-input-files.xcfilelist",
			);
			name = "[CP] Embed Pods Frameworks";
			outputFileListPaths = (
				"${PODS_ROOT}/Target Support Files/Pods-API-Blog/Pods-API-Blog-frameworks-${CONFIGURATION}-output-files.xcfilelist",
			);
			runOnlyForDeploymentPostprocessing = 0;
			shellPath = /bin/sh;
			shellScript = "\"${PODS_ROOT}/Target Support Files/Pods-API-Blog/Pods-API-Blog-frameworks.sh\"\n";
			showEnvVarsInLog = 0;
		};
		95FC6AFC9D83A28F7DF6F2A8 /* [CP] Check Pods Manifest.lock */ = {
			isa = PBXShellScriptBuildPhase;
			buildActionMask = 2147483647;
			files = (
			);
			inputFileListPaths = (
			);
			inputPaths = (
				"${PODS_PODFILE_DIR_PATH}/Podfile.lock",
				"${PODS_ROOT}/Manifest.lock",
			);
			name = "[CP] Check Pods Manifest.lock";
			outputFileListPaths = (
			);
			outputPaths = (
				"$(DERIVED_FILE_DIR)/Pods-API-Blog-checkManifestLockResult.txt",
			);
			runOnlyForDeploymentPostprocessing = 0;
			shellPath = /bin/sh;
			shellScript = "diff \"${PODS_PODFILE_DIR_PATH}/Podfile.lock\" \"${PODS_ROOT}/Manifest.lock\" > /dev/null\nif [ $? != 0 ] ; then\n    # print error to STDERR\n    echo \"error: The sandbox is not in sync with the Podfile.lock. Run 'pod install' or update your CocoaPods installation.\" >&2\n    exit 1\nfi\n# This output is used by Xcode 'outputs' to avoid re-running this script phase.\necho \"SUCCESS\" > \"${SCRIPT_OUTPUT_FILE_0}\"\n";
			showEnvVarsInLog = 0;
		};
/* End PBXShellScriptBuildPhase section */

/* Begin PBXSourcesBuildPhase section */
		D2E27AF9290DC1D100010FCC /* Sources */ = {
			isa = PBXSourcesBuildPhase;
			buildActionMask = 2147483647;
			files = (
				D2E27B3029103AB600010FCC /* ArticleTableViewCell.swift in Sources */,
				D2E27B3529104DA700010FCC /* Constants.swift in Sources */,
				D21CFDD12915009100D9734D /* OkAlert.swift in Sources */,
				D2E27B05290DC1D100010FCC /* LoginViewController.swift in Sources */,
				D2E27B01290DC1D100010FCC /* AppDelegate.swift in Sources */,
				D2E27B2C29102EB900010FCC /* EditCommentViewController.swift in Sources */,
				D2E27B2629102DB400010FCC /* CreateViewController.swift in Sources */,
				D2C85D4A2913C1B5000AD3B0 /* CommentTableViewCell.swift in Sources */,
				D2E27B2429102D7000010FCC /* DetailViewController.swift in Sources */,
				D2C85D442912EAE0000AD3B0 /* LoadToken.swift in Sources */,
				D2E27B03290DC1D100010FCC /* SceneDelegate.swift in Sources */,
				D2C85D422912DDCF000AD3B0 /* Index.swift in Sources */,
				D2C85D482912F1E7000AD3B0 /* GetToken.swift in Sources */,
				D2C85D402912D5E7000AD3B0 /* Comment.swift in Sources */,
				D2C85D3E2912D460000AD3B0 /* Article.swift in Sources */,
				D2E27B2229102D5400010FCC /* IndexViewController.swift in Sources */,
				D2E27B2A29102E9700010FCC /* CreateCommentViewController.swift in Sources */,
				D2E27B2829102DD500010FCC /* EditViewController.swift in Sources */,
				D21CFDD32915871900D9734D /* ViewCustomize.swift in Sources */,
			);
			runOnlyForDeploymentPostprocessing = 0;
		};
/* End PBXSourcesBuildPhase section */

/* Begin PBXVariantGroup section */
		D2E27B06290DC1D100010FCC /* Main.storyboard */ = {
			isa = PBXVariantGroup;
			children = (
				D2E27B07290DC1D100010FCC /* Base */,
			);
			name = Main.storyboard;
			sourceTree = "<group>";
		};
		D2E27B0B290DC1D400010FCC /* LaunchScreen.storyboard */ = {
			isa = PBXVariantGroup;
			children = (
				D2E27B0C290DC1D400010FCC /* Base */,
			);
			name = LaunchScreen.storyboard;
			sourceTree = "<group>";
		};
/* End PBXVariantGroup section */

/* Begin XCBuildConfiguration section */
		D2E27B0F290DC1D400010FCC /* Debug */ = {
			isa = XCBuildConfiguration;
			buildSettings = {
				ALWAYS_SEARCH_USER_PATHS = NO;
				CLANG_ANALYZER_NONNULL = YES;
				CLANG_ANALYZER_NUMBER_OBJECT_CONVERSION = YES_AGGRESSIVE;
				CLANG_CXX_LANGUAGE_STANDARD = "gnu++20";
				CLANG_ENABLE_MODULES = YES;
				CLANG_ENABLE_OBJC_ARC = YES;
				CLANG_ENABLE_OBJC_WEAK = YES;
				CLANG_WARN_BLOCK_CAPTURE_AUTORELEASING = YES;
				CLANG_WARN_BOOL_CONVERSION = YES;
				CLANG_WARN_COMMA = YES;
				CLANG_WARN_CONSTANT_CONVERSION = YES;
				CLANG_WARN_DEPRECATED_OBJC_IMPLEMENTATIONS = YES;
				CLANG_WARN_DIRECT_OBJC_ISA_USAGE = YES_ERROR;
				CLANG_WARN_DOCUMENTATION_COMMENTS = YES;
				CLANG_WARN_EMPTY_BODY = YES;
				CLANG_WARN_ENUM_CONVERSION = YES;
				CLANG_WARN_INFINITE_RECURSION = YES;
				CLANG_WARN_INT_CONVERSION = YES;
				CLANG_WARN_NON_LITERAL_NULL_CONVERSION = YES;
				CLANG_WARN_OBJC_IMPLICIT_RETAIN_SELF = YES;
				CLANG_WARN_OBJC_LITERAL_CONVERSION = YES;
				CLANG_WARN_OBJC_ROOT_CLASS = YES_ERROR;
				CLANG_WARN_QUOTED_INCLUDE_IN_FRAMEWORK_HEADER = YES;
				CLANG_WARN_RANGE_LOOP_ANALYSIS = YES;
				CLANG_WARN_STRICT_PROTOTYPES = YES;
				CLANG_WARN_SUSPICIOUS_MOVE = YES;
				CLANG_WARN_UNGUARDED_AVAILABILITY = YES_AGGRESSIVE;
				CLANG_WARN_UNREACHABLE_CODE = YES;
				CLANG_WARN__DUPLICATE_METHOD_MATCH = YES;
				COPY_PHASE_STRIP = NO;
				DEBUG_INFORMATION_FORMAT = dwarf;
				ENABLE_STRICT_OBJC_MSGSEND = YES;
				ENABLE_TESTABILITY = YES;
				GCC_C_LANGUAGE_STANDARD = gnu11;
				GCC_DYNAMIC_NO_PIC = NO;
				GCC_NO_COMMON_BLOCKS = YES;
				GCC_OPTIMIZATION_LEVEL = 0;
				GCC_PREPROCESSOR_DEFINITIONS = (
					"DEBUG=1",
					"$(inherited)",
				);
				GCC_WARN_64_TO_32_BIT_CONVERSION = YES;
				GCC_WARN_ABOUT_RETURN_TYPE = YES_ERROR;
				GCC_WARN_UNDECLARED_SELECTOR = YES;
				GCC_WARN_UNINITIALIZED_AUTOS = YES_AGGRESSIVE;
				GCC_WARN_UNUSED_FUNCTION = YES;
				GCC_WARN_UNUSED_VARIABLE = YES;
				IPHONEOS_DEPLOYMENT_TARGET = 16.0;
				MTL_ENABLE_DEBUG_INFO = INCLUDE_SOURCE;
				MTL_FAST_MATH = YES;
				ONLY_ACTIVE_ARCH = YES;
				SDKROOT = iphoneos;
				SWIFT_ACTIVE_COMPILATION_CONDITIONS = DEBUG;
				SWIFT_OPTIMIZATION_LEVEL = "-Onone";
			};
			name = Debug;
		};
		D2E27B10290DC1D400010FCC /* Release */ = {
			isa = XCBuildConfiguration;
			buildSettings = {
				ALWAYS_SEARCH_USER_PATHS = NO;
				CLANG_ANALYZER_NONNULL = YES;
				CLANG_ANALYZER_NUMBER_OBJECT_CONVERSION = YES_AGGRESSIVE;
				CLANG_CXX_LANGUAGE_STANDARD = "gnu++20";
				CLANG_ENABLE_MODULES = YES;
				CLANG_ENABLE_OBJC_ARC = YES;
				CLANG_ENABLE_OBJC_WEAK = YES;
				CLANG_WARN_BLOCK_CAPTURE_AUTORELEASING = YES;
				CLANG_WARN_BOOL_CONVERSION = YES;
				CLANG_WARN_COMMA = YES;
				CLANG_WARN_CONSTANT_CONVERSION = YES;
				CLANG_WARN_DEPRECATED_OBJC_IMPLEMENTATIONS = YES;
				CLANG_WARN_DIRECT_OBJC_ISA_USAGE = YES_ERROR;
				CLANG_WARN_DOCUMENTATION_COMMENTS = YES;
				CLANG_WARN_EMPTY_BODY = YES;
				CLANG_WARN_ENUM_CONVERSION = YES;
				CLANG_WARN_INFINITE_RECURSION = YES;
				CLANG_WARN_INT_CONVERSION = YES;
				CLANG_WARN_NON_LITERAL_NULL_CONVERSION = YES;
				CLANG_WARN_OBJC_IMPLICIT_RETAIN_SELF = YES;
				CLANG_WARN_OBJC_LITERAL_CONVERSION = YES;
				CLANG_WARN_OBJC_ROOT_CLASS = YES_ERROR;
				CLANG_WARN_QUOTED_INCLUDE_IN_FRAMEWORK_HEADER = YES;
				CLANG_WARN_RANGE_LOOP_ANALYSIS = YES;
				CLANG_WARN_STRICT_PROTOTYPES = YES;
				CLANG_WARN_SUSPICIOUS_MOVE = YES;
				CLANG_WARN_UNGUARDED_AVAILABILITY = YES_AGGRESSIVE;
				CLANG_WARN_UNREACHABLE_CODE = YES;
				CLANG_WARN__DUPLICATE_METHOD_MATCH = YES;
				COPY_PHASE_STRIP = NO;
				DEBUG_INFORMATION_FORMAT = "dwarf-with-dsym";
				ENABLE_NS_ASSERTIONS = NO;
				ENABLE_STRICT_OBJC_MSGSEND = YES;
				GCC_C_LANGUAGE_STANDARD = gnu11;
				GCC_NO_COMMON_BLOCKS = YES;
				GCC_WARN_64_TO_32_BIT_CONVERSION = YES;
				GCC_WARN_ABOUT_RETURN_TYPE = YES_ERROR;
				GCC_WARN_UNDECLARED_SELECTOR = YES;
				GCC_WARN_UNINITIALIZED_AUTOS = YES_AGGRESSIVE;
				GCC_WARN_UNUSED_FUNCTION = YES;
				GCC_WARN_UNUSED_VARIABLE = YES;
				IPHONEOS_DEPLOYMENT_TARGET = 16.0;
				MTL_ENABLE_DEBUG_INFO = NO;
				MTL_FAST_MATH = YES;
				SDKROOT = iphoneos;
				SWIFT_COMPILATION_MODE = wholemodule;
				SWIFT_OPTIMIZATION_LEVEL = "-O";
				VALIDATE_PRODUCT = YES;
			};
			name = Release;
		};
		D2E27B12290DC1D400010FCC /* Debug */ = {
			isa = XCBuildConfiguration;
			baseConfigurationReference = 42743584500AD7967EAD0F4D /* Pods-API-Blog.debug.xcconfig */;
			buildSettings = {
				ASSETCATALOG_COMPILER_APPICON_NAME = AppIcon;
				ASSETCATALOG_COMPILER_GLOBAL_ACCENT_COLOR_NAME = AccentColor;
				CODE_SIGN_STYLE = Automatic;
				CURRENT_PROJECT_VERSION = 1;
				DEVELOPMENT_TEAM = 9JWW8S5LM7;
				GENERATE_INFOPLIST_FILE = YES;
				INFOPLIST_FILE = "API-Blog/Info.plist";
				INFOPLIST_KEY_UIApplicationSupportsIndirectInputEvents = YES;
				INFOPLIST_KEY_UILaunchStoryboardName = LaunchScreen;
				INFOPLIST_KEY_UIMainStoryboardFile = Main;
				INFOPLIST_KEY_UISupportedInterfaceOrientations = UIInterfaceOrientationPortrait;
				LD_RUNPATH_SEARCH_PATHS = (
					"$(inherited)",
					"@executable_path/Frameworks",
				);
				MARKETING_VERSION = 1.0;
				PRODUCT_BUNDLE_IDENTIFIER = "com.tomonori.API-Blog";
				PRODUCT_NAME = "$(TARGET_NAME)";
				SWIFT_EMIT_LOC_STRINGS = YES;
				SWIFT_VERSION = 5.0;
				TARGETED_DEVICE_FAMILY = "1,2";
			};
			name = Debug;
		};
		D2E27B13290DC1D400010FCC /* Release */ = {
			isa = XCBuildConfiguration;
			baseConfigurationReference = E99451DF6E645A022CE6B67B /* Pods-API-Blog.release.xcconfig */;
			buildSettings = {
				ASSETCATALOG_COMPILER_APPICON_NAME = AppIcon;
				ASSETCATALOG_COMPILER_GLOBAL_ACCENT_COLOR_NAME = AccentColor;
				CODE_SIGN_STYLE = Automatic;
				CURRENT_PROJECT_VERSION = 1;
				DEVELOPMENT_TEAM = 9JWW8S5LM7;
				GENERATE_INFOPLIST_FILE = YES;
				INFOPLIST_FILE = "API-Blog/Info.plist";
				INFOPLIST_KEY_UIApplicationSupportsIndirectInputEvents = YES;
				INFOPLIST_KEY_UILaunchStoryboardName = LaunchScreen;
				INFOPLIST_KEY_UIMainStoryboardFile = Main;
				INFOPLIST_KEY_UISupportedInterfaceOrientations = UIInterfaceOrientationPortrait;
				LD_RUNPATH_SEARCH_PATHS = (
					"$(inherited)",
					"@executable_path/Frameworks",
				);
				MARKETING_VERSION = 1.0;
				PRODUCT_BUNDLE_IDENTIFIER = "com.tomonori.API-Blog";
				PRODUCT_NAME = "$(TARGET_NAME)";
				SWIFT_EMIT_LOC_STRINGS = YES;
				SWIFT_VERSION = 5.0;
				TARGETED_DEVICE_FAMILY = "1,2";
			};
			name = Release;
		};
/* End XCBuildConfiguration section */

/* Begin XCConfigurationList section */
		D2E27AF8290DC1D100010FCC /* Build configuration list for PBXProject "API-Blog" */ = {
			isa = XCConfigurationList;
			buildConfigurations = (
				D2E27B0F290DC1D400010FCC /* Debug */,
				D2E27B10290DC1D400010FCC /* Release */,
			);
			defaultConfigurationIsVisible = 0;
			defaultConfigurationName = Release;
		};
		D2E27B11290DC1D400010FCC /* Build configuration list for PBXNativeTarget "API-Blog" */ = {
			isa = XCConfigurationList;
			buildConfigurations = (
				D2E27B12290DC1D400010FCC /* Debug */,
				D2E27B13290DC1D400010FCC /* Release */,
			);
			defaultConfigurationIsVisible = 0;
			defaultConfigurationName = Release;
		};
/* End XCConfigurationList section */
	};
	rootObject = D2E27AF5290DC1D100010FCC /* Project object */;
}
